
Microsoft Visual Studio Solution File, Format Version 12.00
# Visual Studio Version 17
VisualStudioVersion = 17.10.35013.160
MinimumVisualStudioVersion = 10.0.40219.1
Project("{FAE04EC0-301F-11D3-BF4B-00C04F79EFBC}") = "e2e_API", "e2e_API\e2e_API.csproj", "{18901E72-6205-461C-BB6C-1FC31E4CDC9E}"
EndProject
Global
	GlobalSection(SolutionConfigurationPlatforms) = preSolution
		Debug|Any CPU = Debug|Any CPU
		Release|Any CPU = Release|Any CPU
	EndGlobalSection
	GlobalSection(ProjectConfigurationPlatforms) = postSolution
		{18901E72-6205-461C-BB6C-1FC31E4CDC9E}.Debug|Any CPU.ActiveCfg = Debug|Any CPU
		{18901E72-6205-461C-BB6C-1FC31E4CDC9E}.Debug|Any CPU.Build.0 = Debug|Any CPU
		{18901E72-6205-461C-BB6C-1FC31E4CDC9E}.Release|Any CPU.ActiveCfg = Release|Any CPU
		{18901E72-6205-461C-BB6C-1FC31E4CDC9E}.Release|Any CPU.Build.0 = Release|Any CPU
	EndGlobalSection
	GlobalSection(SolutionProperties) = preSolution
		HideSolutionNode = FALSE
	EndGlobalSection
	GlobalSection(ExtensibilityGlobals) = postSolution
		SolutionGuid = {E758B78D-A605-475F-9848-6A5580BAF051}
	EndGlobalSection
EndGlobal
